
Microsoft Visual Studio Solution File, Format Version 12.00
# Visual Studio Version 16
VisualStudioVersion = 16.0.30114.105
MinimumVisualStudioVersion = 10.0.40219.1
Project("{FAE04EC0-301F-11D3-BF4B-00C04F79EFBC}") = "API", "API\API.csproj", "{D86D3967-5ED0-4D67-A3CD-F63A0ECBF010}"
EndProject
Project("{FAE04EC0-301F-11D3-BF4B-00C04F79EFBC}") = "Application", "Application\Application.csproj", "{42BAA3CD-261F-4855-89E9-5CB5D130350B}"
EndProject
Project("{FAE04EC0-301F-11D3-BF4B-00C04F79EFBC}") = "Persistence", "Persistence\Persistence.csproj", "{E915B53A-36C3-4938-BCD3-235694C3F8E7}"
EndProject
Project("{FAE04EC0-301F-11D3-BF4B-00C04F79EFBC}") = "Domain", "Domain\Domain.csproj", "{773ACDE1-1FB0-46A7-8FC7-B0F1B3C400EC}"
EndProject
Global
	GlobalSection(SolutionConfigurationPlatforms) = preSolution
		Debug|Any CPU = Debug|Any CPU
		Release|Any CPU = Release|Any CPU
	EndGlobalSection
	GlobalSection(SolutionProperties) = preSolution
		HideSolutionNode = FALSE
	EndGlobalSection
	GlobalSection(ProjectConfigurationPlatforms) = postSolution
		{D86D3967-5ED0-4D67-A3CD-F63A0ECBF010}.Debug|Any CPU.ActiveCfg = Debug|Any CPU
		{D86D3967-5ED0-4D67-A3CD-F63A0ECBF010}.Debug|Any CPU.Build.0 = Debug|Any CPU
		{D86D3967-5ED0-4D67-A3CD-F63A0ECBF010}.Release|Any CPU.ActiveCfg = Release|Any CPU
		{D86D3967-5ED0-4D67-A3CD-F63A0ECBF010}.Release|Any CPU.Build.0 = Release|Any CPU
		{42BAA3CD-261F-4855-89E9-5CB5D130350B}.Debug|Any CPU.ActiveCfg = Debug|Any CPU
		{42BAA3CD-261F-4855-89E9-5CB5D130350B}.Debug|Any CPU.Build.0 = Debug|Any CPU
		{42BAA3CD-261F-4855-89E9-5CB5D130350B}.Release|Any CPU.ActiveCfg = Release|Any CPU
		{42BAA3CD-261F-4855-89E9-5CB5D130350B}.Release|Any CPU.Build.0 = Release|Any CPU
		{E915B53A-36C3-4938-BCD3-235694C3F8E7}.Debug|Any CPU.ActiveCfg = Debug|Any CPU
		{E915B53A-36C3-4938-BCD3-235694C3F8E7}.Debug|Any CPU.Build.0 = Debug|Any CPU
		{E915B53A-36C3-4938-BCD3-235694C3F8E7}.Release|Any CPU.ActiveCfg = Release|Any CPU
		{E915B53A-36C3-4938-BCD3-235694C3F8E7}.Release|Any CPU.Build.0 = Release|Any CPU
		{773ACDE1-1FB0-46A7-8FC7-B0F1B3C400EC}.Debug|Any CPU.ActiveCfg = Debug|Any CPU
		{773ACDE1-1FB0-46A7-8FC7-B0F1B3C400EC}.Debug|Any CPU.Build.0 = Debug|Any CPU
		{773ACDE1-1FB0-46A7-8FC7-B0F1B3C400EC}.Release|Any CPU.ActiveCfg = Release|Any CPU
		{773ACDE1-1FB0-46A7-8FC7-B0F1B3C400EC}.Release|Any CPU.Build.0 = Release|Any CPU
	EndGlobalSection
EndGlobal
